
Microsoft Visual Studio Solution File, Format Version 12.00
# Visual Studio 15
VisualStudioVersion = 15.0.28307.168
MinimumVisualStudioVersion = 10.0.40219.1
Project("{FAE04EC0-301F-11D3-BF4B-00C04F79EFBC}") = "Calculator", "Calculator\Calculator.csproj", "{6A89D31E-9340-4B1C-9384-D2833F74B95B}"
EndProject
Project("{FAE04EC0-301F-11D3-BF4B-00C04F79EFBC}") = "Contract", "Contract\Contract.csproj", "{54D8A650-FC6B-48BB-8D47-58EF56CBBCC0}"
EndProject
Project("{FAE04EC0-301F-11D3-BF4B-00C04F79EFBC}") = "Service", "Service\Service.csproj", "{104E407C-CC51-4C94-A910-417E9F7CB74F}"
EndProject
Global
	GlobalSection(SolutionConfigurationPlatforms) = preSolution
		Debug|Any CPU = Debug|Any CPU
		Release|Any CPU = Release|Any CPU
	EndGlobalSection
	GlobalSection(ProjectConfigurationPlatforms) = postSolution
		{6A89D31E-9340-4B1C-9384-D2833F74B95B}.Debug|Any CPU.ActiveCfg = Debug|Any CPU
		{6A89D31E-9340-4B1C-9384-D2833F74B95B}.Debug|Any CPU.Build.0 = Debug|Any CPU
		{6A89D31E-9340-4B1C-9384-D2833F74B95B}.Release|Any CPU.ActiveCfg = Release|Any CPU
		{6A89D31E-9340-4B1C-9384-D2833F74B95B}.Release|Any CPU.Build.0 = Release|Any CPU
		{54D8A650-FC6B-48BB-8D47-58EF56CBBCC0}.Debug|Any CPU.ActiveCfg = Debug|Any CPU
		{54D8A650-FC6B-48BB-8D47-58EF56CBBCC0}.Debug|Any CPU.Build.0 = Debug|Any CPU
		{54D8A650-FC6B-48BB-8D47-58EF56CBBCC0}.Release|Any CPU.ActiveCfg = Release|Any CPU
		{54D8A650-FC6B-48BB-8D47-58EF56CBBCC0}.Release|Any CPU.Build.0 = Release|Any CPU
		{104E407C-CC51-4C94-A910-417E9F7CB74F}.Debug|Any CPU.ActiveCfg = Debug|Any CPU
		{104E407C-CC51-4C94-A910-417E9F7CB74F}.Debug|Any CPU.Build.0 = Debug|Any CPU
		{104E407C-CC51-4C94-A910-417E9F7CB74F}.Release|Any CPU.ActiveCfg = Release|Any CPU
		{104E407C-CC51-4C94-A910-417E9F7CB74F}.Release|Any CPU.Build.0 = Release|Any CPU
	EndGlobalSection
	GlobalSection(SolutionProperties) = preSolution
		HideSolutionNode = FALSE
	EndGlobalSection
	GlobalSection(ExtensibilityGlobals) = postSolution
		SolutionGuid = {81334A17-560D-44B0-9A34-AF064694CFCD}
	EndGlobalSection
EndGlobal
